{
  "name": "@haibun/storage-mem",
  "version": "1.13.17",
  "lockfileVersion": 2,
  "requires": true,
  "packages": {
    "": {
      "name": "@haibun/storage-mem",
      "version": "1.13.17",
      "license": "ISC",
      "dependencies": {
        "memfs": "^3.4.13"
      }
    },
    "node_modules/fs-monkey": {
      "version": "1.0.3",
      "resolved": "https://registry.npmjs.org/fs-monkey/-/fs-monkey-1.0.3.tgz",
      "integrity": "sha512-cybjIfiiE+pTWicSCLFHSrXZ6EilF30oh91FDP9S2B051prEa7QWfrVTQm10/dDpswBDXZugPa1Ogu8Yh+HV0Q=="
    },
    "node_modules/memfs": {
      "version": "3.4.13",
      "resolved": "https://registry.npmjs.org/memfs/-/memfs-3.4.13.tgz",
      "integrity": "sha512-omTM41g3Skpvx5dSYeZIbXKcXoAVc/AoMNwn9TKx++L/gaen/+4TTttmu8ZSch5vfVJ8uJvGbroTsIlslRg6lg==",
      "dependencies": {
        "fs-monkey": "^1.0.3"
      },
      "engines": {
        "node": ">= 4.0.0"
      }
    }
  },
  "dependencies": {
    "fs-monkey": {
      "version": "1.0.3",
      "resolved": "https://registry.npmjs.org/fs-monkey/-/fs-monkey-1.0.3.tgz",
      "integrity": "sha512-cybjIfiiE+pTWicSCLFHSrXZ6EilF30oh91FDP9S2B051prEa7QWfrVTQm10/dDpswBDXZugPa1Ogu8Yh+HV0Q=="
    },
    "memfs": {
      "version": "3.4.13",
      "resolved": "https://registry.npmjs.org/memfs/-/memfs-3.4.13.tgz",
      "integrity": "sha512-omTM41g3Skpvx5dSYeZIbXKcXoAVc/AoMNwn9TKx++L/gaen/+4TTttmu8ZSch5vfVJ8uJvGbroTsIlslRg6lg==",
      "requires": {
        "fs-monkey": "^1.0.3"
      }
    }
  }
}
