{
  "name": "@haibun/utils",
  "version": "0.0.0",
  "lockfileVersion": 2,
  "requires": true,
  "packages": {
    "": {
      "name": "@haibun/utils",
      "version": "0.0.0",
      "license": "ISC",
      "dependencies": {
        "@haibun/core": "^1.15.0",
        "dependency-graph": "^0.11.0"
      }
    },
    "node_modules/@haibun/core": {
      "version": "1.15.0",
      "resolved": "https://registry.npmjs.org/@haibun/core/-/core-1.15.0.tgz",
      "integrity": "sha512-wvA6DgTH95uh/q2JmLfLkzYBg94NivBLqK4oAQYf5TsA574tHB1WWZw+avK+ZGM0GAnJqv2atyjXFx3Ppt+S1Q==",
      "bin": {
        "link-packages": "build/link-packages.js",
        "scaffold": "build/scaffold.js"
      }
    },
    "node_modules/dependency-graph": {
      "version": "0.11.0",
      "resolved": "https://registry.npmjs.org/dependency-graph/-/dependency-graph-0.11.0.tgz",
      "integrity": "sha512-JeMq7fEshyepOWDfcfHK06N3MhyPhz++vtqWhMT5O9A3K42rdsEDpfdVqjaqaAhsw6a+ZqeDvQVtD0hFHQWrzg==",
      "engines": {
        "node": ">= 0.6.0"
      }
    }
  },
  "dependencies": {
    "@haibun/core": {
      "version": "1.15.0",
      "resolved": "https://registry.npmjs.org/@haibun/core/-/core-1.15.0.tgz",
      "integrity": "sha512-wvA6DgTH95uh/q2JmLfLkzYBg94NivBLqK4oAQYf5TsA574tHB1WWZw+avK+ZGM0GAnJqv2atyjXFx3Ppt+S1Q=="
    },
    "dependency-graph": {
      "version": "0.11.0",
      "resolved": "https://registry.npmjs.org/dependency-graph/-/dependency-graph-0.11.0.tgz",
      "integrity": "sha512-JeMq7fEshyepOWDfcfHK06N3MhyPhz++vtqWhMT5O9A3K42rdsEDpfdVqjaqaAhsw6a+ZqeDvQVtD0hFHQWrzg=="
    }
  }
}
