{
  "name": "@haibun/e2e-tests",
  "version": "1.56.0",
  "lockfileVersion": 3,
  "requires": true,
  "packages": {
    "": {
      "name": "@haibun/e2e-tests",
      "version": "1.56.0",
      "license": "ISC",
      "dependencies": {
        "@haibun/cli": "file:../modules/cli",
        "@haibun/core": "file:../modules/core",
        "@haibun/domain-storage": "file:../modules/domain-storage",
        "@haibun/mcp": "file:../modules/mcp",
        "@haibun/monitor-otel": "file:../modules/monitor-otel",
        "@haibun/monitor-tui": "file:../modules/monitor-tui",
        "@haibun/out-junit": "file:../modules/out-junit",
        "@haibun/parse-md": "file:../modules/parse-md",
        "@haibun/storage-fs": "file:../modules/storage-fs",
        "@haibun/storage-mem": "file:../modules/storage-mem",
        "@haibun/utils": "file:../modules/utils",
        "@haibun/web-accessibility-axe": "file:../modules/web-accessibility-axe",
        "@haibun/web-http": "file:../modules/web-http",
        "@haibun/web-playwright": "file:../modules/web-playwright",
        "@haibun/web-server-express": "file:../modules/web-server-express",
        "@types/express-fileupload": "^1.4.1",
        "express-fileupload": "^1.4.0",
        "typescript": "~5.8"
      },
      "engines": {
        "node": ">=14"
      }
    },
    "../modules/cli": {
      "name": "@haibun/cli",
      "version": "3.1.3",
      "license": "ISC",
      "dependencies": {
        "@haibun/core": "3.1.3",
        "@haibun/domain-storage": "3.1.3",
        "source-map-support": "^0.5.21"
      },
      "bin": {
        "haibun-cli": "build/cli.js"
      }
    },
    "../modules/core": {
      "name": "@haibun/core",
      "version": "3.1.3",
      "dependencies": {
        "zod": "^4.1.13"
      }
    },
    "../modules/domain-storage": {
      "name": "@haibun/domain-storage",
      "version": "3.1.3",
      "dependencies": {
        "@haibun/core": "3.1.3"
      }
    },
    "../modules/mcp": {
      "name": "@haibun/mcp",
      "version": "3.1.3",
      "license": "ISC",
      "dependencies": {
        "@haibun/core": "3.1.3",
        "@modelcontextprotocol/sdk": "1.24",
        "zod": "^4.1.13"
      },
      "devDependencies": {
        "@haibun/storage-mem": "3.1.3",
        "@types/node": "^24.10.0",
        "eslint-config-airbnb-typescript": "^18.0.0",
        "eslint-config-prettier": "^10.1.1",
        "eslint-plugin-import": "^2.31.0",
        "eslint-plugin-prefer-arrow": "^1.2.3",
        "eslint-plugin-prettier": "^5.2.6",
        "typescript": "^5.8.2",
        "vitest": "^3.1.1"
      }
    },
    "../modules/monitor-otel": {
      "name": "@haibun/monitor-otel",
      "version": "3.1.3",
      "dependencies": {
        "@haibun/core": "3.1.3",
        "@opentelemetry/api": "^1.9.0",
        "@opentelemetry/exporter-logs-otlp-http": "^0.208.0",
        "@opentelemetry/exporter-trace-otlp-http": "^0.208.0",
        "@opentelemetry/resources": "^2.2.0",
        "@opentelemetry/sdk-logs": "^0.208.0",
        "@opentelemetry/sdk-trace-node": "^2.2.0",
        "@opentelemetry/semantic-conventions": "^1.38.0"
      },
      "devDependencies": {
        "@types/node": "^24.10.0",
        "typescript": "^5.8.2",
        "vitest": "^3.1.1"
      }
    },
    "../modules/monitor-tui": {
      "name": "@haibun/monitor-tui",
      "version": "3.1.3",
      "dependencies": {
        "@haibun/core": "3.1.3",
        "ink": "^6.5.1",
        "react": "^19.0.0",
        "zod": "^4.1.13"
      },
      "devDependencies": {
        "@types/react": "^19.0.0",
        "typescript": "^5.8.2",
        "vitest": "^3.1.1"
      }
    },
    "../modules/out-junit": {
      "name": "@haibun/out-junit",
      "version": "3.1.3",
      "license": "ISC",
      "dependencies": {
        "@haibun/core": "3.1.3",
        "@haibun/domain-storage": "3.1.3",
        "xmlbuilder2": "^3.0.2"
      }
    },
    "../modules/parse-md": {
      "name": "@haibun/parse-md",
      "version": "3.1.3",
      "license": "ISC",
      "dependencies": {
        "@haibun/core": "3.1.3",
        "turndown": "^7.1.1"
      },
      "devDependencies": {
        "@types/node-fetch": "^2.5.10"
      }
    },
    "../modules/storage-fs": {
      "name": "@haibun/storage-fs",
      "version": "3.1.3",
      "license": "ISC",
      "dependencies": {
        "@haibun/core": "3.1.3",
        "@haibun/domain-storage": "3.1.3"
      }
    },
    "../modules/storage-mem": {
      "name": "@haibun/storage-mem",
      "version": "3.1.3",
      "license": "ISC",
      "dependencies": {
        "@haibun/core": "3.1.3",
        "@haibun/domain-storage": "3.1.3",
        "memfs": "^4.6.0"
      }
    },
    "../modules/utils": {
      "name": "@haibun/utils",
      "version": "3.1.3",
      "license": "ISC",
      "dependencies": {
        "@haibun/cli": "3.1.3",
        "@haibun/core": "3.1.3"
      },
      "bin": {
        "version": "build/version.js",
        "link": "build/npm-link-haibuns.js",
        "run-vcapture": "build/vcapture/index.js",
        "scaffold": "build/scaffold/index.js"
      }
    },
    "../modules/web-accessibility-axe": {
      "name": "@haibun/web-accessibility-axe",
      "version": "3.1.3",
      "license": "ISC",
      "dependencies": {
        "@haibun/core": "3.1.3",
        "@haibun/domain-storage": "3.1.3",
        "axe-html-reporter": "^2.2.11",
        "playwright": "^1.56.1"
      },
      "devDependencies": {
        "@haibun/storage-mem": "3.1.3",
        "@types/jsdom": "^27.0.0",
        "jsdom": "^26.1.0"
      }
    },
    "../modules/web-http": {
      "name": "@haibun/web-http",
      "version": "3.1.3",
      "license": "ISC",
      "dependencies": {
        "@haibun/core": "3.1.3"
      }
    },
    "../modules/web-playwright": {
      "name": "@haibun/web-playwright",
      "version": "3.1.3",
      "license": "ISC",
      "dependencies": {
        "@haibun/core": "3.1.3",
        "@haibun/domain-storage": "3.1.3",
        "@haibun/storage-mem": "3.1.3",
        "markdown-it": "^14.1.0",
        "mermaid": "^11.6.0",
        "playwright": "^1.56.1",
        "zod": "^4.1.13"
      },
      "devDependencies": {
        "@types/jsdom": "^27.0.0",
        "@types/markdown-it": "^14.1.2",
        "isomorphic-dompurify": "^2.25.0",
        "jsdom": "^26.1.0"
      }
    },
    "../modules/web-server-express": {
      "name": "@haibun/web-server-express",
      "version": "3.1.3",
      "license": "ISC",
      "dependencies": {
        "@haibun/core": "3.1.3",
        "cookie-parser": "^1.4.5",
        "express": "^4.17.1",
        "serve-index": "^1.9.1"
      },
      "devDependencies": {
        "@haibun/web-http": "3.1.3",
        "@types/cookie-parser": "^1.4.2",
        "@types/express": "^4.17.15"
      }
    },
    "node_modules/@haibun/cli": {
      "resolved": "../modules/cli",
      "link": true
    },
    "node_modules/@haibun/core": {
      "resolved": "../modules/core",
      "link": true
    },
    "node_modules/@haibun/domain-storage": {
      "resolved": "../modules/domain-storage",
      "link": true
    },
    "node_modules/@haibun/mcp": {
      "resolved": "../modules/mcp",
      "link": true
    },
    "node_modules/@haibun/monitor-otel": {
      "resolved": "../modules/monitor-otel",
      "link": true
    },
    "node_modules/@haibun/monitor-tui": {
      "resolved": "../modules/monitor-tui",
      "link": true
    },
    "node_modules/@haibun/out-junit": {
      "resolved": "../modules/out-junit",
      "link": true
    },
    "node_modules/@haibun/parse-md": {
      "resolved": "../modules/parse-md",
      "link": true
    },
    "node_modules/@haibun/storage-fs": {
      "resolved": "../modules/storage-fs",
      "link": true
    },
    "node_modules/@haibun/storage-mem": {
      "resolved": "../modules/storage-mem",
      "link": true
    },
    "node_modules/@haibun/utils": {
      "resolved": "../modules/utils",
      "link": true
    },
    "node_modules/@haibun/web-accessibility-axe": {
      "resolved": "../modules/web-accessibility-axe",
      "link": true
    },
    "node_modules/@haibun/web-http": {
      "resolved": "../modules/web-http",
      "link": true
    },
    "node_modules/@haibun/web-playwright": {
      "resolved": "../modules/web-playwright",
      "link": true
    },
    "node_modules/@haibun/web-server-express": {
      "resolved": "../modules/web-server-express",
      "link": true
    },
    "node_modules/@types/body-parser": {
      "version": "1.19.6",
      "resolved": "https://registry.npmjs.org/@types/body-parser/-/body-parser-1.19.6.tgz",
      "integrity": "sha512-HLFeCYgz89uk22N5Qg3dvGvsv46B8GLvKKo1zKG4NybA8U2DiEO3w9lqGg29t/tfLRJpJ6iQxnVw4OnB7MoM9g==",
      "license": "MIT",
      "dependencies": {
        "@types/connect": "*",
        "@types/node": "*"
      }
    },
    "node_modules/@types/busboy": {
      "version": "1.5.4",
      "resolved": "https://registry.npmjs.org/@types/busboy/-/busboy-1.5.4.tgz",
      "integrity": "sha512-kG7WrUuAKK0NoyxfQHsVE6j1m01s6kMma64E+OZenQABMQyTJop1DumUWcLwAQ2JzpefU7PDYoRDKl8uZosFjw==",
      "license": "MIT",
      "dependencies": {
        "@types/node": "*"
      }
    },
    "node_modules/@types/connect": {
      "version": "3.4.38",
      "resolved": "https://registry.npmjs.org/@types/connect/-/connect-3.4.38.tgz",
      "integrity": "sha512-K6uROf1LD88uDQqJCktA4yzL1YYAK6NgfsI0v/mTgyPKWsX1CnJ0XPSDhViejru1GcRkLWb8RlzFYJRqGUbaug==",
      "license": "MIT",
      "dependencies": {
        "@types/node": "*"
      }
    },
    "node_modules/@types/express": {
      "version": "5.0.5",
      "resolved": "https://registry.npmjs.org/@types/express/-/express-5.0.5.tgz",
      "integrity": "sha512-LuIQOcb6UmnF7C1PCFmEU1u2hmiHL43fgFQX67sN3H4Z+0Yk0Neo++mFsBjhOAuLzvlQeqAAkeDOZrJs9rzumQ==",
      "license": "MIT",
      "dependencies": {
        "@types/body-parser": "*",
        "@types/express-serve-static-core": "^5.0.0",
        "@types/serve-static": "^1"
      }
    },
    "node_modules/@types/express-fileupload": {
      "version": "1.5.1",
      "resolved": "https://registry.npmjs.org/@types/express-fileupload/-/express-fileupload-1.5.1.tgz",
      "integrity": "sha512-DllImBVI1lCyjl2klky/TEwk60mbNebgXv1669h66g9TfptWSrEFq5a/raHSutaFzjSm1tmn9ypdNfu4jPSixQ==",
      "license": "MIT",
      "dependencies": {
        "@types/busboy": "*",
        "@types/express": "*"
      }
    },
    "node_modules/@types/express-serve-static-core": {
      "version": "5.1.0",
      "resolved": "https://registry.npmjs.org/@types/express-serve-static-core/-/express-serve-static-core-5.1.0.tgz",
      "integrity": "sha512-jnHMsrd0Mwa9Cf4IdOzbz543y4XJepXrbia2T4b6+spXC2We3t1y6K44D3mR8XMFSXMCf3/l7rCgddfx7UNVBA==",
      "license": "MIT",
      "dependencies": {
        "@types/node": "*",
        "@types/qs": "*",
        "@types/range-parser": "*",
        "@types/send": "*"
      }
    },
    "node_modules/@types/http-errors": {
      "version": "2.0.5",
      "resolved": "https://registry.npmjs.org/@types/http-errors/-/http-errors-2.0.5.tgz",
      "integrity": "sha512-r8Tayk8HJnX0FztbZN7oVqGccWgw98T/0neJphO91KkmOzug1KkofZURD4UaD5uH8AqcFLfdPErnBod0u71/qg==",
      "license": "MIT"
    },
    "node_modules/@types/mime": {
      "version": "1.3.5",
      "resolved": "https://registry.npmjs.org/@types/mime/-/mime-1.3.5.tgz",
      "integrity": "sha512-/pyBZWSLD2n0dcHE3hq8s8ZvcETHtEuF+3E7XVt0Ig2nvsVQXdghHVcEkIWjy9A0wKfTn97a/PSDYohKIlnP/w==",
      "license": "MIT"
    },
    "node_modules/@types/node": {
      "version": "24.10.0",
      "resolved": "https://registry.npmjs.org/@types/node/-/node-24.10.0.tgz",
      "integrity": "sha512-qzQZRBqkFsYyaSWXuEHc2WR9c0a0CXwiE5FWUvn7ZM+vdy1uZLfCunD38UzhuB7YN/J11ndbDBcTmOdxJo9Q7A==",
      "license": "MIT",
      "dependencies": {
        "undici-types": "~7.16.0"
      }
    },
    "node_modules/@types/qs": {
      "version": "6.14.0",
      "resolved": "https://registry.npmjs.org/@types/qs/-/qs-6.14.0.tgz",
      "integrity": "sha512-eOunJqu0K1923aExK6y8p6fsihYEn/BYuQ4g0CxAAgFc4b/ZLN4CrsRZ55srTdqoiLzU2B2evC+apEIxprEzkQ==",
      "license": "MIT"
    },
    "node_modules/@types/range-parser": {
      "version": "1.2.7",
      "resolved": "https://registry.npmjs.org/@types/range-parser/-/range-parser-1.2.7.tgz",
      "integrity": "sha512-hKormJbkJqzQGhziax5PItDUTMAM9uE2XXQmM37dyd4hVM+5aVl7oVxMVUiVQn2oCQFN/LKCZdvSM0pFRqbSmQ==",
      "license": "MIT"
    },
    "node_modules/@types/send": {
      "version": "1.2.1",
      "resolved": "https://registry.npmjs.org/@types/send/-/send-1.2.1.tgz",
      "integrity": "sha512-arsCikDvlU99zl1g69TcAB3mzZPpxgw0UQnaHeC1Nwb015xp8bknZv5rIfri9xTOcMuaVgvabfIRA7PSZVuZIQ==",
      "license": "MIT",
      "dependencies": {
        "@types/node": "*"
      }
    },
    "node_modules/@types/serve-static": {
      "version": "1.15.10",
      "resolved": "https://registry.npmjs.org/@types/serve-static/-/serve-static-1.15.10.tgz",
      "integrity": "sha512-tRs1dB+g8Itk72rlSI2ZrW6vZg0YrLI81iQSTkMmOqnqCaNr/8Ek4VwWcN5vZgCYWbg/JJSGBlUaYGAOP73qBw==",
      "license": "MIT",
      "dependencies": {
        "@types/http-errors": "*",
        "@types/node": "*",
        "@types/send": "<1"
      }
    },
    "node_modules/@types/serve-static/node_modules/@types/send": {
      "version": "0.17.6",
      "resolved": "https://registry.npmjs.org/@types/send/-/send-0.17.6.tgz",
      "integrity": "sha512-Uqt8rPBE8SY0RK8JB1EzVOIZ32uqy8HwdxCnoCOsYrvnswqmFZ/k+9Ikidlk/ImhsdvBsloHbAlewb2IEBV/Og==",
      "license": "MIT",
      "dependencies": {
        "@types/mime": "^1",
        "@types/node": "*"
      }
    },
    "node_modules/busboy": {
      "version": "1.6.0",
      "resolved": "https://registry.npmjs.org/busboy/-/busboy-1.6.0.tgz",
      "integrity": "sha512-8SFQbg/0hQ9xy3UNTB0YEnsNBbWfhf7RtnzpL7TkBiTBRfrQ9Fxcnz7VJsleJpyp6rVLvXiuORqjlHi5q+PYuA==",
      "dependencies": {
        "streamsearch": "^1.1.0"
      },
      "engines": {
        "node": ">=10.16.0"
      }
    },
    "node_modules/express-fileupload": {
      "version": "1.5.2",
      "resolved": "https://registry.npmjs.org/express-fileupload/-/express-fileupload-1.5.2.tgz",
      "integrity": "sha512-wxUJn2vTHvj/kZCVmc5/bJO15C7aSMyHeuXYY3geKpeKibaAoQGcEv5+sM6nHS2T7VF+QHS4hTWPiY2mKofEdg==",
      "license": "MIT",
      "dependencies": {
        "busboy": "^1.6.0"
      },
      "engines": {
        "node": ">=12.0.0"
      }
    },
    "node_modules/streamsearch": {
      "version": "1.1.0",
      "resolved": "https://registry.npmjs.org/streamsearch/-/streamsearch-1.1.0.tgz",
      "integrity": "sha512-Mcc5wHehp9aXz1ax6bZUyY5afg9u2rv5cqQI3mRrYkGC8rW2hM02jWuwjtL++LS5qinSyhj2QfLyNsuc+VsExg==",
      "engines": {
        "node": ">=10.0.0"
      }
    },
    "node_modules/typescript": {
      "version": "5.8.3",
      "resolved": "https://registry.npmjs.org/typescript/-/typescript-5.8.3.tgz",
      "integrity": "sha512-p1diW6TqL9L07nNxvRMM7hMMw4c5XOo/1ibL4aAIGmSAt9slTE1Xgw5KWuof2uTOvCg9BY7ZRi+GaF+7sfgPeQ==",
      "license": "Apache-2.0",
      "bin": {
        "tsc": "bin/tsc",
        "tsserver": "bin/tsserver"
      },
      "engines": {
        "node": ">=14.17"
      }
    },
    "node_modules/undici-types": {
      "version": "7.16.0",
      "resolved": "https://registry.npmjs.org/undici-types/-/undici-types-7.16.0.tgz",
      "integrity": "sha512-Zz+aZWSj8LE6zoxD+xrjh4VfkIG8Ya6LvYkZqtUQGJPZjYl53ypCaUwWqo7eI0x66KBGeRo+mlBEkMSeSZ38Nw==",
      "license": "MIT"
    }
  }
}
